<Solution>
  <Folder Name="/Solution Items/">
    <File Path="Directory.Build.props" />
    <File Path="README.md" />
  </Folder>
  <Project Path="Mercury.Abstractions/Mercury.Abstractions.csproj" Id="57d0da9a-afbc-42df-80f3-e2bc8564593a" />
  <Project Path="Mercury.Core/Mercury.Core.csproj" Id="d243c8e6-429c-4712-8b75-6d1079359a13" />
</Solution>
